
Microsoft Visual Studio Solution File, Format Version 12.00
# Visual Studio 14
VisualStudioVersion = 14.0.25123.0
MinimumVisualStudioVersion = 10.0.40219.1
Project("{FAE04EC0-301F-11D3-BF4B-00C04F79EFBC}") = "MyLab", "MyLab\MyLab.csproj", "{DA97900F-3E59-429E-A0A8-CE445E3F425E}"
EndProject
Project("{FAE04EC0-301F-11D3-BF4B-00C04F79EFBC}") = "MyLab.Tests", "MyLab.Tests\MyLab.Tests.csproj", "{275A0AA8-EB51-41B5-BA69-3C35395DB58C}"
EndProject
Project("{FAE04EC0-301F-11D3-BF4B-00C04F79EFBC}") = "z01_LINQ", "z01_LINQ\z01_LINQ.csproj", "{4106C11D-3B9F-4F05-BC73-B0A10FD1525F}"
EndProject
Project("{FAE04EC0-301F-11D3-BF4B-00C04F79EFBC}") = "z99.Database", "z99.Database\z99.Database.csproj", "{909F1BAB-6002-4860-96E3-EA4C143E887F}"
EndProject
Project("{FAE04EC0-301F-11D3-BF4B-00C04F79EFBC}") = "MyConsole", "MyConsole\MyConsole.csproj", "{13A2AA22-21CF-4513-B1C1-1C6DB062E105}"
EndProject
Project("{FAE04EC0-301F-11D3-BF4B-00C04F79EFBC}") = "z01_LINQTests", "z01_LINQTests\z01_LINQTests.csproj", "{96457505-88AB-4F0E-9F54-BE054FBD69C8}"
EndProject
Project("{FAE04EC0-301F-11D3-BF4B-00C04F79EFBC}") = "z02_Reflection", "z02_Reflection\z02_Reflection.csproj", "{F099D89D-AC58-49C4-BF09-4D453275B0D0}"
EndProject
Project("{FAE04EC0-301F-11D3-BF4B-00C04F79EFBC}") = "z02_ReflectionTests", "z02_ReflectionTests\z02_ReflectionTests.csproj", "{B81A6EDB-5DDF-4ABA-98A9-6D85BECDDDE5}"
EndProject
Global
	GlobalSection(SolutionConfigurationPlatforms) = preSolution
		Debug|Any CPU = Debug|Any CPU
		Release|Any CPU = Release|Any CPU
	EndGlobalSection
	GlobalSection(ProjectConfigurationPlatforms) = postSolution
		{DA97900F-3E59-429E-A0A8-CE445E3F425E}.Debug|Any CPU.ActiveCfg = Debug|Any CPU
		{DA97900F-3E59-429E-A0A8-CE445E3F425E}.Debug|Any CPU.Build.0 = Debug|Any CPU
		{DA97900F-3E59-429E-A0A8-CE445E3F425E}.Release|Any CPU.ActiveCfg = Release|Any CPU
		{DA97900F-3E59-429E-A0A8-CE445E3F425E}.Release|Any CPU.Build.0 = Release|Any CPU
		{275A0AA8-EB51-41B5-BA69-3C35395DB58C}.Debug|Any CPU.ActiveCfg = Debug|Any CPU
		{275A0AA8-EB51-41B5-BA69-3C35395DB58C}.Debug|Any CPU.Build.0 = Debug|Any CPU
		{275A0AA8-EB51-41B5-BA69-3C35395DB58C}.Release|Any CPU.ActiveCfg = Release|Any CPU
		{275A0AA8-EB51-41B5-BA69-3C35395DB58C}.Release|Any CPU.Build.0 = Release|Any CPU
		{4106C11D-3B9F-4F05-BC73-B0A10FD1525F}.Debug|Any CPU.ActiveCfg = Debug|Any CPU
		{4106C11D-3B9F-4F05-BC73-B0A10FD1525F}.Debug|Any CPU.Build.0 = Debug|Any CPU
		{4106C11D-3B9F-4F05-BC73-B0A10FD1525F}.Release|Any CPU.ActiveCfg = Release|Any CPU
		{4106C11D-3B9F-4F05-BC73-B0A10FD1525F}.Release|Any CPU.Build.0 = Release|Any CPU
		{909F1BAB-6002-4860-96E3-EA4C143E887F}.Debug|Any CPU.ActiveCfg = Debug|Any CPU
		{909F1BAB-6002-4860-96E3-EA4C143E887F}.Debug|Any CPU.Build.0 = Debug|Any CPU
		{909F1BAB-6002-4860-96E3-EA4C143E887F}.Release|Any CPU.ActiveCfg = Release|Any CPU
		{909F1BAB-6002-4860-96E3-EA4C143E887F}.Release|Any CPU.Build.0 = Release|Any CPU
		{13A2AA22-21CF-4513-B1C1-1C6DB062E105}.Debug|Any CPU.ActiveCfg = Debug|Any CPU
		{13A2AA22-21CF-4513-B1C1-1C6DB062E105}.Debug|Any CPU.Build.0 = Debug|Any CPU
		{13A2AA22-21CF-4513-B1C1-1C6DB062E105}.Release|Any CPU.ActiveCfg = Release|Any CPU
		{13A2AA22-21CF-4513-B1C1-1C6DB062E105}.Release|Any CPU.Build.0 = Release|Any CPU
		{96457505-88AB-4F0E-9F54-BE054FBD69C8}.Debug|Any CPU.ActiveCfg = Debug|Any CPU
		{96457505-88AB-4F0E-9F54-BE054FBD69C8}.Debug|Any CPU.Build.0 = Debug|Any CPU
		{96457505-88AB-4F0E-9F54-BE054FBD69C8}.Release|Any CPU.ActiveCfg = Release|Any CPU
		{96457505-88AB-4F0E-9F54-BE054FBD69C8}.Release|Any CPU.Build.0 = Release|Any CPU
		{F099D89D-AC58-49C4-BF09-4D453275B0D0}.Debug|Any CPU.ActiveCfg = Debug|Any CPU
		{F099D89D-AC58-49C4-BF09-4D453275B0D0}.Debug|Any CPU.Build.0 = Debug|Any CPU
		{F099D89D-AC58-49C4-BF09-4D453275B0D0}.Release|Any CPU.ActiveCfg = Release|Any CPU
		{F099D89D-AC58-49C4-BF09-4D453275B0D0}.Release|Any CPU.Build.0 = Release|Any CPU
		{B81A6EDB-5DDF-4ABA-98A9-6D85BECDDDE5}.Debug|Any CPU.ActiveCfg = Debug|Any CPU
		{B81A6EDB-5DDF-4ABA-98A9-6D85BECDDDE5}.Debug|Any CPU.Build.0 = Debug|Any CPU
		{B81A6EDB-5DDF-4ABA-98A9-6D85BECDDDE5}.Release|Any CPU.ActiveCfg = Release|Any CPU
		{B81A6EDB-5DDF-4ABA-98A9-6D85BECDDDE5}.Release|Any CPU.Build.0 = Release|Any CPU
	EndGlobalSection
	GlobalSection(SolutionProperties) = preSolution
		HideSolutionNode = FALSE
	EndGlobalSection
EndGlobal
